
Microsoft Visual Studio Solution File, Format Version 12.00
# Visual Studio Version 17
VisualStudioVersion = 17.8.34525.116
MinimumVisualStudioVersion = 10.0.40219.1
Project("{FAE04EC0-301F-11D3-BF4B-00C04F79EFBC}") = "SelectiveEffects", "SelectiveEffects.csproj", "{3B43B09A-E1F3-419F-BD00-E1064534E8E4}"
EndProject
Global
	GlobalSection(SolutionConfigurationPlatforms) = preSolution
		Debug|Any CPU = Debug|Any CPU
		Release|Any CPU = Release|Any CPU
	EndGlobalSection
	GlobalSection(ProjectConfigurationPlatforms) = postSolution
		{3B43B09A-E1F3-419F-BD00-E1064534E8E4}.Debug|Any CPU.ActiveCfg = Debug|Any CPU
		{3B43B09A-E1F3-419F-BD00-E1064534E8E4}.Debug|Any CPU.Build.0 = Debug|Any CPU
		{3B43B09A-E1F3-419F-BD00-E1064534E8E4}.Release|Any CPU.ActiveCfg = Release|Any CPU
		{3B43B09A-E1F3-419F-BD00-E1064534E8E4}.Release|Any CPU.Build.0 = Release|Any CPU
	EndGlobalSection
	GlobalSection(SolutionProperties) = preSolution
		HideSolutionNode = FALSE
	EndGlobalSection
	GlobalSection(ExtensibilityGlobals) = postSolution
		SolutionGuid = {E503D6B5-D4E4-489A-8B02-86D3A0C7BD39}
	EndGlobalSection
EndGlobal
